
Microsoft Visual Studio Solution File, Format Version 12.00
# Visual Studio 15
VisualStudioVersion = 15.0.28307.489
MinimumVisualStudioVersion = 10.0.40219.1
Project("{FAE04EC0-301F-11D3-BF4B-00C04F79EFBC}") = "Programming.DAL", "Programming.DAL\Programming.DAL.csproj", "{80804793-FAB1-4380-B179-75EBF8399765}"
EndProject
Project("{FAE04EC0-301F-11D3-BF4B-00C04F79EFBC}") = "Programming.API", "Programming.API\Programming.API.csproj", "{80EB38F2-7888-4053-B792-6C846A45118A}"
EndProject
Global
	GlobalSection(SolutionConfigurationPlatforms) = preSolution
		Debug|Any CPU = Debug|Any CPU
		Release|Any CPU = Release|Any CPU
	EndGlobalSection
	GlobalSection(ProjectConfigurationPlatforms) = postSolution
		{80804793-FAB1-4380-B179-75EBF8399765}.Debug|Any CPU.ActiveCfg = Debug|Any CPU
		{80804793-FAB1-4380-B179-75EBF8399765}.Debug|Any CPU.Build.0 = Debug|Any CPU
		{80804793-FAB1-4380-B179-75EBF8399765}.Release|Any CPU.ActiveCfg = Release|Any CPU
		{80804793-FAB1-4380-B179-75EBF8399765}.Release|Any CPU.Build.0 = Release|Any CPU
		{80EB38F2-7888-4053-B792-6C846A45118A}.Debug|Any CPU.ActiveCfg = Debug|Any CPU
		{80EB38F2-7888-4053-B792-6C846A45118A}.Debug|Any CPU.Build.0 = Debug|Any CPU
		{80EB38F2-7888-4053-B792-6C846A45118A}.Release|Any CPU.ActiveCfg = Release|Any CPU
		{80EB38F2-7888-4053-B792-6C846A45118A}.Release|Any CPU.Build.0 = Release|Any CPU
	EndGlobalSection
	GlobalSection(SolutionProperties) = preSolution
		HideSolutionNode = FALSE
	EndGlobalSection
	GlobalSection(ExtensibilityGlobals) = postSolution
		SolutionGuid = {E3D69C86-5D25-4F75-BCA9-3416A3E9E69D}
	EndGlobalSection
EndGlobal
