
Microsoft Visual Studio Solution File, Format Version 12.00
# Visual Studio 15
VisualStudioVersion = 15.0.28307.489
MinimumVisualStudioVersion = 10.0.40219.1
Project("{FAE04EC0-301F-11D3-BF4B-00C04F79EFBC}") = "WebClient_MVCProject", "WebClient_MVCProject\WebClient_MVCProject.csproj", "{063BE8E1-94C0-4703-AB0D-743BE8717056}"
EndProject
Global
	GlobalSection(SolutionConfigurationPlatforms) = preSolution
		Debug|Any CPU = Debug|Any CPU
		Release|Any CPU = Release|Any CPU
	EndGlobalSection
	GlobalSection(ProjectConfigurationPlatforms) = postSolution
		{063BE8E1-94C0-4703-AB0D-743BE8717056}.Debug|Any CPU.ActiveCfg = Debug|Any CPU
		{063BE8E1-94C0-4703-AB0D-743BE8717056}.Debug|Any CPU.Build.0 = Debug|Any CPU
		{063BE8E1-94C0-4703-AB0D-743BE8717056}.Release|Any CPU.ActiveCfg = Release|Any CPU
		{063BE8E1-94C0-4703-AB0D-743BE8717056}.Release|Any CPU.Build.0 = Release|Any CPU
	EndGlobalSection
	GlobalSection(SolutionProperties) = preSolution
		HideSolutionNode = FALSE
	EndGlobalSection
	GlobalSection(ExtensibilityGlobals) = postSolution
		SolutionGuid = {F4E02827-CDCC-499E-BBDE-6BE42CC3BD54}
	EndGlobalSection
EndGlobal
